
Microsoft Visual Studio Solution File, Format Version 12.00
# Visual Studio Version 16
VisualStudioVersion = 16.0.33423.256
MinimumVisualStudioVersion = 10.0.40219.1
Project("{FAE04EC0-301F-11D3-BF4B-00C04F79EFBC}") = "Lab01", "Lab01.csproj", "{6B590196-02AA-4845-B98B-0897F32C91A6}"
EndProject
Global
	GlobalSection(SolutionConfigurationPlatforms) = preSolution
		Debug|Any CPU = Debug|Any CPU
		Release|Any CPU = Release|Any CPU
	EndGlobalSection
	GlobalSection(ProjectConfigurationPlatforms) = postSolution
		{6B590196-02AA-4845-B98B-0897F32C91A6}.Debug|Any CPU.ActiveCfg = Debug|Any CPU
		{6B590196-02AA-4845-B98B-0897F32C91A6}.Debug|Any CPU.Build.0 = Debug|Any CPU
		{6B590196-02AA-4845-B98B-0897F32C91A6}.Release|Any CPU.ActiveCfg = Release|Any CPU
		{6B590196-02AA-4845-B98B-0897F32C91A6}.Release|Any CPU.Build.0 = Release|Any CPU
	EndGlobalSection
	GlobalSection(SolutionProperties) = preSolution
		HideSolutionNode = FALSE
	EndGlobalSection
	GlobalSection(ExtensibilityGlobals) = postSolution
		SolutionGuid = {8F817E68-C474-463D-A141-AF78D0CBC8CB}
	EndGlobalSection
EndGlobal
